// !$*UTF8*$!
{
	archiveVersion = 1;
	classes = {
	};
	objectVersion = 51;
	objects = {

/* Begin PBXBuildFile section */
		5D6E37CBFD4CD5B3038A8532 /* Pods_Messenger.framework in Frameworks */ = {isa = PBXBuildFile; fileRef = 8022A8FFBAF05BAC7382C4D7 /* Pods_Messenger.framework */; };
		8A43908C25B39B370023162C /* Database Manager.swift in Sources */ = {isa = PBXBuildFile; fileRef = 8A43908B25B39B370023162C /* Database Manager.swift */; };
		8A75C1D225B113ED00B36417 /* GoogleService-Info.plist in Resources */ = {isa = PBXBuildFile; fileRef = 8A75C1D125B113ED00B36417 /* GoogleService-Info.plist */; };
		8AAB90F825ACE963002E4DB3 /* AppDelegate.swift in Sources */ = {isa = PBXBuildFile; fileRef = 8AAB90F725ACE963002E4DB3 /* AppDelegate.swift */; };
		8AAB90FA25ACE963002E4DB3 /* SceneDelegate.swift in Sources */ = {isa = PBXBuildFile; fileRef = 8AAB90F925ACE963002E4DB3 /* SceneDelegate.swift */; };
		8AAB90FC25ACE963002E4DB3 /* ConversationViewController.swift in Sources */ = {isa = PBXBuildFile; fileRef = 8AAB90FB25ACE963002E4DB3 /* ConversationViewController.swift */; };
		8AAB90FF25ACE963002E4DB3 /* Main.storyboard in Resources */ = {isa = PBXBuildFile; fileRef = 8AAB90FD25ACE963002E4DB3 /* Main.storyboard */; };
		8AAB910125ACE966002E4DB3 /* Assets.xcassets in Resources */ = {isa = PBXBuildFile; fileRef = 8AAB910025ACE966002E4DB3 /* Assets.xcassets */; };
		8AAB910425ACE966002E4DB3 /* LaunchScreen.storyboard in Resources */ = {isa = PBXBuildFile; fileRef = 8AAB910225ACE966002E4DB3 /* LaunchScreen.storyboard */; };
		8AAB910F25ACE966002E4DB3 /* MessengerTests.swift in Sources */ = {isa = PBXBuildFile; fileRef = 8AAB910E25ACE966002E4DB3 /* MessengerTests.swift */; };
		8AAB911A25ACE966002E4DB3 /* MessengerUITests.swift in Sources */ = {isa = PBXBuildFile; fileRef = 8AAB911925ACE966002E4DB3 /* MessengerUITests.swift */; };
		8AAB913F25ACF1AA002E4DB3 /* LoginViewController.swift in Sources */ = {isa = PBXBuildFile; fileRef = 8AAB913E25ACF1AA002E4DB3 /* LoginViewController.swift */; };
		8AAB914425ACF1BA002E4DB3 /* RegisterViewController.swift in Sources */ = {isa = PBXBuildFile; fileRef = 8AAB914325ACF1BA002E4DB3 /* RegisterViewController.swift */; };
		8AAB914925ACF1DC002E4DB3 /* PhotoViewerViewController.swift in Sources */ = {isa = PBXBuildFile; fileRef = 8AAB914825ACF1DC002E4DB3 /* PhotoViewerViewController.swift */; };
		8AAB914E25ACF1ED002E4DB3 /* VideoPlayerViewController.swift in Sources */ = {isa = PBXBuildFile; fileRef = 8AAB914D25ACF1ED002E4DB3 /* VideoPlayerViewController.swift */; };
		8AAB915325ACF205002E4DB3 /* NewConversationViewController.swift in Sources */ = {isa = PBXBuildFile; fileRef = 8AAB915225ACF205002E4DB3 /* NewConversationViewController.swift */; };
		8AAB915825ACF211002E4DB3 /* ProfileViewController.swift in Sources */ = {isa = PBXBuildFile; fileRef = 8AAB915725ACF211002E4DB3 /* ProfileViewController.swift */; };
		8AAB916425ACFC37002E4DB3 /* Extension.swift in Sources */ = {isa = PBXBuildFile; fileRef = 8AAB916325ACFC37002E4DB3 /* Extension.swift */; };
/* End PBXBuildFile section */

/* Begin PBXContainerItemProxy section */
		8AAB910B25ACE966002E4DB3 /* PBXContainerItemProxy */ = {
			isa = PBXContainerItemProxy;
			containerPortal = 8AAB90EC25ACE963002E4DB3 /* Project object */;
			proxyType = 1;
			remoteGlobalIDString = 8AAB90F325ACE963002E4DB3;
			remoteInfo = Messenger;
		};
		8AAB911625ACE966002E4DB3 /* PBXContainerItemProxy */ = {
			isa = PBXContainerItemProxy;
			containerPortal = 8AAB90EC25ACE963002E4DB3 /* Project object */;
			proxyType = 1;
			remoteGlobalIDString = 8AAB90F325ACE963002E4DB3;
			remoteInfo = Messenger;
		};
/* End PBXContainerItemProxy section */

/* Begin PBXFileReference section */
		0114ED23B60AA03B89E96ADE /* Pods-Messenger.release.xcconfig */ = {isa = PBXFileReference; includeInIndex = 1; lastKnownFileType = text.xcconfig; name = "Pods-Messenger.release.xcconfig"; path = "Target Support Files/Pods-Messenger/Pods-Messenger.release.xcconfig"; sourceTree = "<group>"; };
		27543990869272E1C22B8EF5 /* Pods-Messenger.debug.xcconfig */ = {isa = PBXFileReference; includeInIndex = 1; lastKnownFileType = text.xcconfig; name = "Pods-Messenger.debug.xcconfig"; path = "Target Support Files/Pods-Messenger/Pods-Messenger.debug.xcconfig"; sourceTree = "<group>"; };
		8022A8FFBAF05BAC7382C4D7 /* Pods_Messenger.framework */ = {isa = PBXFileReference; explicitFileType = wrapper.framework; includeInIndex = 0; path = Pods_Messenger.framework; sourceTree = BUILT_PRODUCTS_DIR; };
		8A43908B25B39B370023162C /* Database Manager.swift */ = {isa = PBXFileReference; lastKnownFileType = sourcecode.swift; path = "Database Manager.swift"; sourceTree = "<group>"; };
		8A75C1D125B113ED00B36417 /* GoogleService-Info.plist */ = {isa = PBXFileReference; fileEncoding = 4; lastKnownFileType = text.plist.xml; path = "GoogleService-Info.plist"; sourceTree = "<group>"; };
		8AAB90F425ACE963002E4DB3 /* Messenger.app */ = {isa = PBXFileReference; explicitFileType = wrapper.application; includeInIndex = 0; path = Messenger.app; sourceTree = BUILT_PRODUCTS_DIR; };
		8AAB90F725ACE963002E4DB3 /* AppDelegate.swift */ = {isa = PBXFileReference; lastKnownFileType = sourcecode.swift; path = AppDelegate.swift; sourceTree = "<group>"; };
		8AAB90F925ACE963002E4DB3 /* SceneDelegate.swift */ = {isa = PBXFileReference; lastKnownFileType = sourcecode.swift; path = SceneDelegate.swift; sourceTree = "<group>"; };
		8AAB90FB25ACE963002E4DB3 /* ConversationViewController.swift */ = {isa = PBXFileReference; lastKnownFileType = sourcecode.swift; path = ConversationViewController.swift; sourceTree = "<group>"; };
		8AAB90FE25ACE963002E4DB3 /* Base */ = {isa = PBXFileReference; lastKnownFileType = file.storyboard; name = Base; path = Base.lproj/Main.storyboard; sourceTree = "<group>"; };
		8AAB910025ACE966002E4DB3 /* Assets.xcassets */ = {isa = PBXFileReference; lastKnownFileType = folder.assetcatalog; path = Assets.xcassets; sourceTree = "<group>"; };
		8AAB910325ACE966002E4DB3 /* Base */ = {isa = PBXFileReference; lastKnownFileType = file.storyboard; name = Base; path = Base.lproj/LaunchScreen.storyboard; sourceTree = "<group>"; };
		8AAB910525ACE966002E4DB3 /* Info.plist */ = {isa = PBXFileReference; lastKnownFileType = text.plist.xml; path = Info.plist; sourceTree = "<group>"; };
		8AAB910A25ACE966002E4DB3 /* MessengerTests.xctest */ = {isa = PBXFileReference; explicitFileType = wrapper.cfbundle; includeInIndex = 0; path = MessengerTests.xctest; sourceTree = BUILT_PRODUCTS_DIR; };
		8AAB910E25ACE966002E4DB3 /* MessengerTests.swift */ = {isa = PBXFileReference; lastKnownFileType = sourcecode.swift; path = MessengerTests.swift; sourceTree = "<group>"; };
		8AAB911025ACE966002E4DB3 /* Info.plist */ = {isa = PBXFileReference; lastKnownFileType = text.plist.xml; path = Info.plist; sourceTree = "<group>"; };
		8AAB911525ACE966002E4DB3 /* MessengerUITests.xctest */ = {isa = PBXFileReference; explicitFileType = wrapper.cfbundle; includeInIndex = 0; path = MessengerUITests.xctest; sourceTree = BUILT_PRODUCTS_DIR; };
		8AAB911925ACE966002E4DB3 /* MessengerUITests.swift */ = {isa = PBXFileReference; lastKnownFileType = sourcecode.swift; path = MessengerUITests.swift; sourceTree = "<group>"; };
		8AAB911B25ACE966002E4DB3 /* Info.plist */ = {isa = PBXFileReference; lastKnownFileType = text.plist.xml; path = Info.plist; sourceTree = "<group>"; };
		8AAB913E25ACF1AA002E4DB3 /* LoginViewController.swift */ = {isa = PBXFileReference; lastKnownFileType = sourcecode.swift; path = LoginViewController.swift; sourceTree = "<group>"; };
		8AAB914325ACF1BA002E4DB3 /* RegisterViewController.swift */ = {isa = PBXFileReference; lastKnownFileType = sourcecode.swift; path = RegisterViewController.swift; sourceTree = "<group>"; };
		8AAB914825ACF1DC002E4DB3 /* PhotoViewerViewController.swift */ = {isa = PBXFileReference; lastKnownFileType = sourcecode.swift; path = PhotoViewerViewController.swift; sourceTree = "<group>"; };
		8AAB914D25ACF1ED002E4DB3 /* VideoPlayerViewController.swift */ = {isa = PBXFileReference; lastKnownFileType = sourcecode.swift; path = VideoPlayerViewController.swift; sourceTree = "<group>"; };
		8AAB915225ACF205002E4DB3 /* NewConversationViewController.swift */ = {isa = PBXFileReference; lastKnownFileType = sourcecode.swift; path = NewConversationViewController.swift; sourceTree = "<group>"; };
		8AAB915725ACF211002E4DB3 /* ProfileViewController.swift */ = {isa = PBXFileReference; lastKnownFileType = sourcecode.swift; path = ProfileViewController.swift; sourceTree = "<group>"; };
		8AAB916325ACFC37002E4DB3 /* Extension.swift */ = {isa = PBXFileReference; lastKnownFileType = sourcecode.swift; path = Extension.swift; sourceTree = "<group>"; };
/* End PBXFileReference section */

/* Begin PBXFrameworksBuildPhase section */
		8AAB90F125ACE963002E4DB3 /* Frameworks */ = {
			isa = PBXFrameworksBuildPhase;
			buildActionMask = 2147483647;
			files = (
				5D6E37CBFD4CD5B3038A8532 /* Pods_Messenger.framework in Frameworks */,
			);
			runOnlyForDeploymentPostprocessing = 0;
		};
		8AAB910725ACE966002E4DB3 /* Frameworks */ = {
			isa = PBXFrameworksBuildPhase;
			buildActionMask = 2147483647;
			files = (
			);
			runOnlyForDeploymentPostprocessing = 0;
		};
		8AAB911225ACE966002E4DB3 /* Frameworks */ = {
			isa = PBXFrameworksBuildPhase;
			buildActionMask = 2147483647;
			files = (
			);
			runOnlyForDeploymentPostprocessing = 0;
		};
/* End PBXFrameworksBuildPhase section */

/* Begin PBXGroup section */
		87B561D20D1FFB91D9BA8FAD /* Pods */ = {
			isa = PBXGroup;
			children = (
				27543990869272E1C22B8EF5 /* Pods-Messenger.debug.xcconfig */,
				0114ED23B60AA03B89E96ADE /* Pods-Messenger.release.xcconfig */,
			);
			path = Pods;
			sourceTree = "<group>";
		};
		8AAB90EB25ACE963002E4DB3 = {
			isa = PBXGroup;
			children = (
				8AAB90F625ACE963002E4DB3 /* Messenger */,
				8AAB910D25ACE966002E4DB3 /* MessengerTests */,
				8AAB911825ACE966002E4DB3 /* MessengerUITests */,
				8AAB90F525ACE963002E4DB3 /* Products */,
				87B561D20D1FFB91D9BA8FAD /* Pods */,
				C1D9BC82E2E24FD8E983D838 /* Frameworks */,
			);
			sourceTree = "<group>";
		};
		8AAB90F525ACE963002E4DB3 /* Products */ = {
			isa = PBXGroup;
			children = (
				8AAB90F425ACE963002E4DB3 /* Messenger.app */,
				8AAB910A25ACE966002E4DB3 /* MessengerTests.xctest */,
				8AAB911525ACE966002E4DB3 /* MessengerUITests.xctest */,
			);
			name = Products;
			sourceTree = "<group>";
		};
		8AAB90F625ACE963002E4DB3 /* Messenger */ = {
			isa = PBXGroup;
			children = (
				8A75C1D125B113ED00B36417 /* GoogleService-Info.plist */,
				8AAB913625ACF06D002E4DB3 /* Resources */,
				8AAB913525ACF066002E4DB3 /* ViewModels */,
				8AAB913425ACF05A002E4DB3 /* Models */,
				8AAB913325ACF04C002E4DB3 /* Views */,
				8AAB913225ACF042002E4DB3 /* Controllers */,
				8AAB910525ACE966002E4DB3 /* Info.plist */,
			);
			path = Messenger;
			sourceTree = "<group>";
		};
		8AAB910D25ACE966002E4DB3 /* MessengerTests */ = {
			isa = PBXGroup;
			children = (
				8AAB910E25ACE966002E4DB3 /* MessengerTests.swift */,
				8AAB911025ACE966002E4DB3 /* Info.plist */,
			);
			path = MessengerTests;
			sourceTree = "<group>";
		};
		8AAB911825ACE966002E4DB3 /* MessengerUITests */ = {
			isa = PBXGroup;
			children = (
				8AAB911925ACE966002E4DB3 /* MessengerUITests.swift */,
				8AAB911B25ACE966002E4DB3 /* Info.plist */,
			);
			path = MessengerUITests;
			sourceTree = "<group>";
		};
		8AAB913225ACF042002E4DB3 /* Controllers */ = {
			isa = PBXGroup;
			children = (
				8AAB90FB25ACE963002E4DB3 /* ConversationViewController.swift */,
				8AAB915C25ACF2DA002E4DB3 /* Login */,
				8AAB914825ACF1DC002E4DB3 /* PhotoViewerViewController.swift */,
				8AAB914D25ACF1ED002E4DB3 /* VideoPlayerViewController.swift */,
				8AAB915225ACF205002E4DB3 /* NewConversationViewController.swift */,
				8AAB915725ACF211002E4DB3 /* ProfileViewController.swift */,
			);
			path = Controllers;
			sourceTree = "<group>";
		};
		8AAB913325ACF04C002E4DB3 /* Views */ = {
			isa = PBXGroup;
			children = (
				8AAB913725ACF0A4002E4DB3 /* Storyboards */,
				8AAB910025ACE966002E4DB3 /* Assets.xcassets */,
				8AAB910225ACE966002E4DB3 /* LaunchScreen.storyboard */,
			);
			path = Views;
			sourceTree = "<group>";
		};
		8AAB913425ACF05A002E4DB3 /* Models */ = {
			isa = PBXGroup;
			children = (
			);
			path = Models;
			sourceTree = "<group>";
		};
		8AAB913525ACF066002E4DB3 /* ViewModels */ = {
			isa = PBXGroup;
			children = (
			);
			path = ViewModels;
			sourceTree = "<group>";
		};
		8AAB913625ACF06D002E4DB3 /* Resources */ = {
			isa = PBXGroup;
			children = (
				8AAB90F725ACE963002E4DB3 /* AppDelegate.swift */,
				8AAB90F925ACE963002E4DB3 /* SceneDelegate.swift */,
				8AAB916325ACFC37002E4DB3 /* Extension.swift */,
				8A43908B25B39B370023162C /* Database Manager.swift */,
			);
			path = Resources;
			sourceTree = "<group>";
		};
		8AAB913725ACF0A4002E4DB3 /* Storyboards */ = {
			isa = PBXGroup;
			children = (
				8AAB90FD25ACE963002E4DB3 /* Main.storyboard */,
			);
			path = Storyboards;
			sourceTree = "<group>";
		};
		8AAB915C25ACF2DA002E4DB3 /* Login */ = {
			isa = PBXGroup;
			children = (
				8AAB914325ACF1BA002E4DB3 /* RegisterViewController.swift */,
				8AAB913E25ACF1AA002E4DB3 /* LoginViewController.swift */,
			);
			name = Login;
			path = "New Group";
			sourceTree = "<group>";
		};
		C1D9BC82E2E24FD8E983D838 /* Frameworks */ = {
			isa = PBXGroup;
			children = (
				8022A8FFBAF05BAC7382C4D7 /* Pods_Messenger.framework */,
			);
			name = Frameworks;
			sourceTree = "<group>";
		};
/* End PBXGroup section */

/* Begin PBXNativeTarget section */
		8AAB90F325ACE963002E4DB3 /* Messenger */ = {
			isa = PBXNativeTarget;
			buildConfigurationList = 8AAB911E25ACE966002E4DB3 /* Build configuration list for PBXNativeTarget "Messenger" */;
			buildPhases = (
				CC07C7121E394525FCCB60B1 /* [CP] Check Pods Manifest.lock */,
				8AAB90F025ACE963002E4DB3 /* Sources */,
				8AAB90F125ACE963002E4DB3 /* Frameworks */,
				8AAB90F225ACE963002E4DB3 /* Resources */,
				DDEC6F2CEC463319B78F365F /* [CP] Embed Pods Frameworks */,
				D7F88D31AE975D307C727BD6 /* [CP] Copy Pods Resources */,
			);
			buildRules = (
			);
			dependencies = (
			);
			name = Messenger;
			productName = Messenger;
			productReference = 8AAB90F425ACE963002E4DB3 /* Messenger.app */;
			productType = "com.apple.product-type.application";
		};
		8AAB910925ACE966002E4DB3 /* MessengerTests */ = {
			isa = PBXNativeTarget;
			buildConfigurationList = 8AAB912125ACE966002E4DB3 /* Build configuration list for PBXNativeTarget "MessengerTests" */;
			buildPhases = (
				8AAB910625ACE966002E4DB3 /* Sources */,
				8AAB910725ACE966002E4DB3 /* Frameworks */,
				8AAB910825ACE966002E4DB3 /* Resources */,
			);
			buildRules = (
			);
			dependencies = (
				8AAB910C25ACE966002E4DB3 /* PBXTargetDependency */,
			);
			name = MessengerTests;
			productName = MessengerTests;
			productReference = 8AAB910A25ACE966002E4DB3 /* MessengerTests.xctest */;
			productType = "com.apple.product-type.bundle.unit-test";
		};
		8AAB911425ACE966002E4DB3 /* MessengerUITests */ = {
			isa = PBXNativeTarget;
			buildConfigurationList = 8AAB912425ACE966002E4DB3 /* Build configuration list for PBXNativeTarget "MessengerUITests" */;
			buildPhases = (
				8AAB911125ACE966002E4DB3 /* Sources */,
				8AAB911225ACE966002E4DB3 /* Frameworks */,
				8AAB911325ACE966002E4DB3 /* Resources */,
			);
			buildRules = (
			);
			dependencies = (
				8AAB911725ACE966002E4DB3 /* PBXTargetDependency */,
			);
			name = MessengerUITests;
			productName = MessengerUITests;
			productReference = 8AAB911525ACE966002E4DB3 /* MessengerUITests.xctest */;
			productType = "com.apple.product-type.bundle.ui-testing";
		};
/* End PBXNativeTarget section */

/* Begin PBXProject section */
		8AAB90EC25ACE963002E4DB3 /* Project object */ = {
			isa = PBXProject;
			attributes = {
				LastSwiftUpdateCheck = 1230;
				LastUpgradeCheck = 1230;
				TargetAttributes = {
					8AAB90F325ACE963002E4DB3 = {
						CreatedOnToolsVersion = 12.3;
					};
					8AAB910925ACE966002E4DB3 = {
						CreatedOnToolsVersion = 12.3;
						TestTargetID = 8AAB90F325ACE963002E4DB3;
					};
					8AAB911425ACE966002E4DB3 = {
						CreatedOnToolsVersion = 12.3;
						TestTargetID = 8AAB90F325ACE963002E4DB3;
					};
				};
			};
			buildConfigurationList = 8AAB90EF25ACE963002E4DB3 /* Build configuration list for PBXProject "Messenger" */;
			compatibilityVersion = "Xcode 9.3";
			developmentRegion = en;
			hasScannedForEncodings = 0;
			knownRegions = (
				en,
				Base,
			);
			mainGroup = 8AAB90EB25ACE963002E4DB3;
			productRefGroup = 8AAB90F525ACE963002E4DB3 /* Products */;
			projectDirPath = "";
			projectRoot = "";
			targets = (
				8AAB90F325ACE963002E4DB3 /* Messenger */,
				8AAB910925ACE966002E4DB3 /* MessengerTests */,
				8AAB911425ACE966002E4DB3 /* MessengerUITests */,
			);
		};
/* End PBXProject section */

/* Begin PBXResourcesBuildPhase section */
		8AAB90F225ACE963002E4DB3 /* Resources */ = {
			isa = PBXResourcesBuildPhase;
			buildActionMask = 2147483647;
			files = (
				8AAB910425ACE966002E4DB3 /* LaunchScreen.storyboard in Resources */,
				8A75C1D225B113ED00B36417 /* GoogleService-Info.plist in Resources */,
				8AAB910125ACE966002E4DB3 /* Assets.xcassets in Resources */,
				8AAB90FF25ACE963002E4DB3 /* Main.storyboard in Resources */,
			);
			runOnlyForDeploymentPostprocessing = 0;
		};
		8AAB910825ACE966002E4DB3 /* Resources */ = {
			isa = PBXResourcesBuildPhase;
			buildActionMask = 2147483647;
			files = (
			);
			runOnlyForDeploymentPostprocessing = 0;
		};
		8AAB911325ACE966002E4DB3 /* Resources */ = {
			isa = PBXResourcesBuildPhase;
			buildActionMask = 2147483647;
			files = (
			);
			runOnlyForDeploymentPostprocessing = 0;
		};
/* End PBXResourcesBuildPhase section */

/* Begin PBXShellScriptBuildPhase section */
		CC07C7121E394525FCCB60B1 /* [CP] Check Pods Manifest.lock */ = {
			isa = PBXShellScriptBuildPhase;
			buildActionMask = 2147483647;
			files = (
			);
			inputFileListPaths = (
			);
			inputPaths = (
				"${PODS_PODFILE_DIR_PATH}/Podfile.lock",
				"${PODS_ROOT}/Manifest.lock",
			);
			name = "[CP] Check Pods Manifest.lock";
			outputFileListPaths = (
			);
			outputPaths = (
				"$(DERIVED_FILE_DIR)/Pods-Messenger-checkManifestLockResult.txt",
			);
			runOnlyForDeploymentPostprocessing = 0;
			shellPath = /bin/sh;
			shellScript = "diff \"${PODS_PODFILE_DIR_PATH}/Podfile.lock\" \"${PODS_ROOT}/Manifest.lock\" > /dev/null\nif [ $? != 0 ] ; then\n    # print error to STDERR\n    echo \"error: The sandbox is not in sync with the Podfile.lock. Run 'pod install' or update your CocoaPods installation.\" >&2\n    exit 1\nfi\n# This output is used by Xcode 'outputs' to avoid re-running this script phase.\necho \"SUCCESS\" > \"${SCRIPT_OUTPUT_FILE_0}\"\n";
			showEnvVarsInLog = 0;
		};
		D7F88D31AE975D307C727BD6 /* [CP] Copy Pods Resources */ = {
			isa = PBXShellScriptBuildPhase;
			buildActionMask = 2147483647;
			files = (
			);
			inputFileListPaths = (
				"${PODS_ROOT}/Target Support Files/Pods-Messenger/Pods-Messenger-resources-${CONFIGURATION}-input-files.xcfilelist",
			);
			name = "[CP] Copy Pods Resources";
			outputFileListPaths = (
				"${PODS_ROOT}/Target Support Files/Pods-Messenger/Pods-Messenger-resources-${CONFIGURATION}-output-files.xcfilelist",
			);
			runOnlyForDeploymentPostprocessing = 0;
			shellPath = /bin/sh;
			shellScript = "\"${PODS_ROOT}/Target Support Files/Pods-Messenger/Pods-Messenger-resources.sh\"\n";
			showEnvVarsInLog = 0;
		};
		DDEC6F2CEC463319B78F365F /* [CP] Embed Pods Frameworks */ = {
			isa = PBXShellScriptBuildPhase;
			buildActionMask = 2147483647;
			files = (
			);
			inputFileListPaths = (
				"${PODS_ROOT}/Target Support Files/Pods-Messenger/Pods-Messenger-frameworks-${CONFIGURATION}-input-files.xcfilelist",
			);
			name = "[CP] Embed Pods Frameworks";
			outputFileListPaths = (
				"${PODS_ROOT}/Target Support Files/Pods-Messenger/Pods-Messenger-frameworks-${CONFIGURATION}-output-files.xcfilelist",
			);
			runOnlyForDeploymentPostprocessing = 0;
			shellPath = /bin/sh;
			shellScript = "\"${PODS_ROOT}/Target Support Files/Pods-Messenger/Pods-Messenger-frameworks.sh\"\n";
			showEnvVarsInLog = 0;
		};
/* End PBXShellScriptBuildPhase section */

/* Begin PBXSourcesBuildPhase section */
		8AAB90F025ACE963002E4DB3 /* Sources */ = {
			isa = PBXSourcesBuildPhase;
			buildActionMask = 2147483647;
			files = (
				8AAB913F25ACF1AA002E4DB3 /* LoginViewController.swift in Sources */,
				8AAB914425ACF1BA002E4DB3 /* RegisterViewController.swift in Sources */,
				8A43908C25B39B370023162C /* Database Manager.swift in Sources */,
				8AAB915325ACF205002E4DB3 /* NewConversationViewController.swift in Sources */,
				8AAB90FC25ACE963002E4DB3 /* ConversationViewController.swift in Sources */,
				8AAB914E25ACF1ED002E4DB3 /* VideoPlayerViewController.swift in Sources */,
				8AAB916425ACFC37002E4DB3 /* Extension.swift in Sources */,
				8AAB90F825ACE963002E4DB3 /* AppDelegate.swift in Sources */,
				8AAB915825ACF211002E4DB3 /* ProfileViewController.swift in Sources */,
				8AAB90FA25ACE963002E4DB3 /* SceneDelegate.swift in Sources */,
				8AAB914925ACF1DC002E4DB3 /* PhotoViewerViewController.swift in Sources */,
			);
			runOnlyForDeploymentPostprocessing = 0;
		};
		8AAB910625ACE966002E4DB3 /* Sources */ = {
			isa = PBXSourcesBuildPhase;
			buildActionMask = 2147483647;
			files = (
				8AAB910F25ACE966002E4DB3 /* MessengerTests.swift in Sources */,
			);
			runOnlyForDeploymentPostprocessing = 0;
		};
		8AAB911125ACE966002E4DB3 /* Sources */ = {
			isa = PBXSourcesBuildPhase;
			buildActionMask = 2147483647;
			files = (
				8AAB911A25ACE966002E4DB3 /* MessengerUITests.swift in Sources */,
			);
			runOnlyForDeploymentPostprocessing = 0;
		};
/* End PBXSourcesBuildPhase section */

/* Begin PBXTargetDependency section */
		8AAB910C25ACE966002E4DB3 /* PBXTargetDependency */ = {
			isa = PBXTargetDependency;
			target = 8AAB90F325ACE963002E4DB3 /* Messenger */;
			targetProxy = 8AAB910B25ACE966002E4DB3 /* PBXContainerItemProxy */;
		};
		8AAB911725ACE966002E4DB3 /* PBXTargetDependency */ = {
			isa = PBXTargetDependency;
			target = 8AAB90F325ACE963002E4DB3 /* Messenger */;
			targetProxy = 8AAB911625ACE966002E4DB3 /* PBXContainerItemProxy */;
		};
/* End PBXTargetDependency section */

/* Begin PBXVariantGroup section */
		8AAB90FD25ACE963002E4DB3 /* Main.storyboard */ = {
			isa = PBXVariantGroup;
			children = (
				8AAB90FE25ACE963002E4DB3 /* Base */,
			);
			name = Main.storyboard;
			sourceTree = "<group>";
		};
		8AAB910225ACE966002E4DB3 /* LaunchScreen.storyboard */ = {
			isa = PBXVariantGroup;
			children = (
				8AAB910325ACE966002E4DB3 /* Base */,
			);
			name = LaunchScreen.storyboard;
			sourceTree = "<group>";
		};
/* End PBXVariantGroup section */

/* Begin XCBuildConfiguration section */
		8AAB911C25ACE966002E4DB3 /* Debug */ = {
			isa = XCBuildConfiguration;
			buildSettings = {
				ALWAYS_SEARCH_USER_PATHS = NO;
				CLANG_ANALYZER_NONNULL = YES;
				CLANG_ANALYZER_NUMBER_OBJECT_CONVERSION = YES_AGGRESSIVE;
				CLANG_CXX_LANGUAGE_STANDARD = "gnu++14";
				CLANG_CXX_LIBRARY = "libc++";
				CLANG_ENABLE_MODULES = YES;
				CLANG_ENABLE_OBJC_ARC = YES;
				CLANG_ENABLE_OBJC_WEAK = YES;
				CLANG_WARN_BLOCK_CAPTURE_AUTORELEASING = YES;
				CLANG_WARN_BOOL_CONVERSION = YES;
				CLANG_WARN_COMMA = YES;
				CLANG_WARN_CONSTANT_CONVERSION = YES;
				CLANG_WARN_DEPRECATED_OBJC_IMPLEMENTATIONS = YES;
				CLANG_WARN_DIRECT_OBJC_ISA_USAGE = YES_ERROR;
				CLANG_WARN_DOCUMENTATION_COMMENTS = YES;
				CLANG_WARN_EMPTY_BODY = YES;
				CLANG_WARN_ENUM_CONVERSION = YES;
				CLANG_WARN_INFINITE_RECURSION = YES;
				CLANG_WARN_INT_CONVERSION = YES;
				CLANG_WARN_NON_LITERAL_NULL_CONVERSION = YES;
				CLANG_WARN_OBJC_IMPLICIT_RETAIN_SELF = YES;
				CLANG_WARN_OBJC_LITERAL_CONVERSION = YES;
				CLANG_WARN_OBJC_ROOT_CLASS = YES_ERROR;
				CLANG_WARN_QUOTED_INCLUDE_IN_FRAMEWORK_HEADER = YES;
				CLANG_WARN_RANGE_LOOP_ANALYSIS = YES;
				CLANG_WARN_STRICT_PROTOTYPES = YES;
				CLANG_WARN_SUSPICIOUS_MOVE = YES;
				CLANG_WARN_UNGUARDED_AVAILABILITY = YES_AGGRESSIVE;
				CLANG_WARN_UNREACHABLE_CODE = YES;
				CLANG_WARN__DUPLICATE_METHOD_MATCH = YES;
				COPY_PHASE_STRIP = NO;
				DEBUG_INFORMATION_FORMAT = dwarf;
				ENABLE_STRICT_OBJC_MSGSEND = YES;
				ENABLE_TESTABILITY = YES;
				GCC_C_LANGUAGE_STANDARD = gnu11;
				GCC_DYNAMIC_NO_PIC = NO;
				GCC_NO_COMMON_BLOCKS = YES;
				GCC_OPTIMIZATION_LEVEL = 0;
				GCC_PREPROCESSOR_DEFINITIONS = (
					"DEBUG=1",
					"$(inherited)",
				);
				GCC_WARN_64_TO_32_BIT_CONVERSION = YES;
				GCC_WARN_ABOUT_RETURN_TYPE = YES_ERROR;
				GCC_WARN_UNDECLARED_SELECTOR = YES;
				GCC_WARN_UNINITIALIZED_AUTOS = YES_AGGRESSIVE;
				GCC_WARN_UNUSED_FUNCTION = YES;
				GCC_WARN_UNUSED_VARIABLE = YES;
				IPHONEOS_DEPLOYMENT_TARGET = 14.3;
				MTL_ENABLE_DEBUG_INFO = INCLUDE_SOURCE;
				MTL_FAST_MATH = YES;
				ONLY_ACTIVE_ARCH = YES;
				SDKROOT = iphoneos;
				SWIFT_ACTIVE_COMPILATION_CONDITIONS = DEBUG;
				SWIFT_OPTIMIZATION_LEVEL = "-Onone";
			};
			name = Debug;
		};
		8AAB911D25ACE966002E4DB3 /* Release */ = {
			isa = XCBuildConfiguration;
			buildSettings = {
				ALWAYS_SEARCH_USER_PATHS = NO;
				CLANG_ANALYZER_NONNULL = YES;
				CLANG_ANALYZER_NUMBER_OBJECT_CONVERSION = YES_AGGRESSIVE;
				CLANG_CXX_LANGUAGE_STANDARD = "gnu++14";
				CLANG_CXX_LIBRARY = "libc++";
				CLANG_ENABLE_MODULES = YES;
				CLANG_ENABLE_OBJC_ARC = YES;
				CLANG_ENABLE_OBJC_WEAK = YES;
				CLANG_WARN_BLOCK_CAPTURE_AUTORELEASING = YES;
				CLANG_WARN_BOOL_CONVERSION = YES;
				CLANG_WARN_COMMA = YES;
				CLANG_WARN_CONSTANT_CONVERSION = YES;
				CLANG_WARN_DEPRECATED_OBJC_IMPLEMENTATIONS = YES;
				CLANG_WARN_DIRECT_OBJC_ISA_USAGE = YES_ERROR;
				CLANG_WARN_DOCUMENTATION_COMMENTS = YES;
				CLANG_WARN_EMPTY_BODY = YES;
				CLANG_WARN_ENUM_CONVERSION = YES;
				CLANG_WARN_INFINITE_RECURSION = YES;
				CLANG_WARN_INT_CONVERSION = YES;
				CLANG_WARN_NON_LITERAL_NULL_CONVERSION = YES;
				CLANG_WARN_OBJC_IMPLICIT_RETAIN_SELF = YES;
				CLANG_WARN_OBJC_LITERAL_CONVERSION = YES;
				CLANG_WARN_OBJC_ROOT_CLASS = YES_ERROR;
				CLANG_WARN_QUOTED_INCLUDE_IN_FRAMEWORK_HEADER = YES;
				CLANG_WARN_RANGE_LOOP_ANALYSIS = YES;
				CLANG_WARN_STRICT_PROTOTYPES = YES;
				CLANG_WARN_SUSPICIOUS_MOVE = YES;
				CLANG_WARN_UNGUARDED_AVAILABILITY = YES_AGGRESSIVE;
				CLANG_WARN_UNREACHABLE_CODE = YES;
				CLANG_WARN__DUPLICATE_METHOD_MATCH = YES;
				COPY_PHASE_STRIP = NO;
				DEBUG_INFORMATION_FORMAT = "dwarf-with-dsym";
				ENABLE_NS_ASSERTIONS = NO;
				ENABLE_STRICT_OBJC_MSGSEND = YES;
				GCC_C_LANGUAGE_STANDARD = gnu11;
				GCC_NO_COMMON_BLOCKS = YES;
				GCC_WARN_64_TO_32_BIT_CONVERSION = YES;
				GCC_WARN_ABOUT_RETURN_TYPE = YES_ERROR;
				GCC_WARN_UNDECLARED_SELECTOR = YES;
				GCC_WARN_UNINITIALIZED_AUTOS = YES_AGGRESSIVE;
				GCC_WARN_UNUSED_FUNCTION = YES;
				GCC_WARN_UNUSED_VARIABLE = YES;
				IPHONEOS_DEPLOYMENT_TARGET = 14.3;
				MTL_ENABLE_DEBUG_INFO = NO;
				MTL_FAST_MATH = YES;
				SDKROOT = iphoneos;
				SWIFT_COMPILATION_MODE = wholemodule;
				SWIFT_OPTIMIZATION_LEVEL = "-O";
				VALIDATE_PRODUCT = YES;
			};
			name = Release;
		};
		8AAB911F25ACE966002E4DB3 /* Debug */ = {
			isa = XCBuildConfiguration;
			baseConfigurationReference = 27543990869272E1C22B8EF5 /* Pods-Messenger.debug.xcconfig */;
			buildSettings = {
				ASSETCATALOG_COMPILER_APPICON_NAME = AppIcon;
				ASSETCATALOG_COMPILER_GLOBAL_ACCENT_COLOR_NAME = AccentColor;
				CODE_SIGN_STYLE = Automatic;
				DEVELOPMENT_TEAM = D43LDFKSMU;
				INFOPLIST_FILE = Messenger/Info.plist;
				IPHONEOS_DEPLOYMENT_TARGET = 13.0;
				LD_RUNPATH_SEARCH_PATHS = (
					"$(inherited)",
					"@executable_path/Frameworks",
				);
				PRODUCT_BUNDLE_IDENTIFIER = com.MilosTomic.Messenger;
				PRODUCT_NAME = "$(TARGET_NAME)";
				SWIFT_VERSION = 5.0;
				TARGETED_DEVICE_FAMILY = "1,2";
			};
			name = Debug;
		};
		8AAB912025ACE966002E4DB3 /* Release */ = {
			isa = XCBuildConfiguration;
			baseConfigurationReference = 0114ED23B60AA03B89E96ADE /* Pods-Messenger.release.xcconfig */;
			buildSettings = {
				ASSETCATALOG_COMPILER_APPICON_NAME = AppIcon;
				ASSETCATALOG_COMPILER_GLOBAL_ACCENT_COLOR_NAME = AccentColor;
				CODE_SIGN_STYLE = Automatic;
				DEVELOPMENT_TEAM = D43LDFKSMU;
				INFOPLIST_FILE = Messenger/Info.plist;
				IPHONEOS_DEPLOYMENT_TARGET = 13.0;
				LD_RUNPATH_SEARCH_PATHS = (
					"$(inherited)",
					"@executable_path/Frameworks",
				);
				PRODUCT_BUNDLE_IDENTIFIER = com.MilosTomic.Messenger;
				PRODUCT_NAME = "$(TARGET_NAME)";
				SWIFT_VERSION = 5.0;
				TARGETED_DEVICE_FAMILY = "1,2";
			};
			name = Release;
		};
		8AAB912225ACE966002E4DB3 /* Debug */ = {
			isa = XCBuildConfiguration;
			buildSettings = {
				ALWAYS_EMBED_SWIFT_STANDARD_LIBRARIES = YES;
				BUNDLE_LOADER = "$(TEST_HOST)";
				CODE_SIGN_STYLE = Automatic;
				DEVELOPMENT_TEAM = D43LDFKSMU;
				INFOPLIST_FILE = MessengerTests/Info.plist;
				IPHONEOS_DEPLOYMENT_TARGET = 14.3;
				LD_RUNPATH_SEARCH_PATHS = (
					"$(inherited)",
					"@executable_path/Frameworks",
					"@loader_path/Frameworks",
				);
				PRODUCT_BUNDLE_IDENTIFIER = com.MilosTomic.MessengerTests;
				PRODUCT_NAME = "$(TARGET_NAME)";
				SWIFT_VERSION = 5.0;
				TARGETED_DEVICE_FAMILY = "1,2";
				TEST_HOST = "$(BUILT_PRODUCTS_DIR)/Messenger.app/Messenger";
			};
			name = Debug;
		};
		8AAB912325ACE966002E4DB3 /* Release */ = {
			isa = XCBuildConfiguration;
			buildSettings = {
				ALWAYS_EMBED_SWIFT_STANDARD_LIBRARIES = YES;
				BUNDLE_LOADER = "$(TEST_HOST)";
				CODE_SIGN_STYLE = Automatic;
				DEVELOPMENT_TEAM = D43LDFKSMU;
				INFOPLIST_FILE = MessengerTests/Info.plist;
				IPHONEOS_DEPLOYMENT_TARGET = 14.3;
				LD_RUNPATH_SEARCH_PATHS = (
					"$(inherited)",
					"@executable_path/Frameworks",
					"@loader_path/Frameworks",
				);
				PRODUCT_BUNDLE_IDENTIFIER = com.MilosTomic.MessengerTests;
				PRODUCT_NAME = "$(TARGET_NAME)";
				SWIFT_VERSION = 5.0;
				TARGETED_DEVICE_FAMILY = "1,2";
				TEST_HOST = "$(BUILT_PRODUCTS_DIR)/Messenger.app/Messenger";
			};
			name = Release;
		};
		8AAB912525ACE966002E4DB3 /* Debug */ = {
			isa = XCBuildConfiguration;
			buildSettings = {
				ALWAYS_EMBED_SWIFT_STANDARD_LIBRARIES = YES;
				CODE_SIGN_STYLE = Automatic;
				DEVELOPMENT_TEAM = D43LDFKSMU;
				INFOPLIST_FILE = MessengerUITests/Info.plist;
				LD_RUNPATH_SEARCH_PATHS = (
					"$(inherited)",
					"@executable_path/Frameworks",
					"@loader_path/Frameworks",
				);
				PRODUCT_BUNDLE_IDENTIFIER = com.MilosTomic.MessengerUITests;
				PRODUCT_NAME = "$(TARGET_NAME)";
				SWIFT_VERSION = 5.0;
				TARGETED_DEVICE_FAMILY = "1,2";
				TEST_TARGET_NAME = Messenger;
			};
			name = Debug;
		};
		8AAB912625ACE966002E4DB3 /* Release */ = {
			isa = XCBuildConfiguration;
			buildSettings = {
				ALWAYS_EMBED_SWIFT_STANDARD_LIBRARIES = YES;
				CODE_SIGN_STYLE = Automatic;
				DEVELOPMENT_TEAM = D43LDFKSMU;
				INFOPLIST_FILE = MessengerUITests/Info.plist;
				LD_RUNPATH_SEARCH_PATHS = (
					"$(inherited)",
					"@executable_path/Frameworks",
					"@loader_path/Frameworks",
				);
				PRODUCT_BUNDLE_IDENTIFIER = com.MilosTomic.MessengerUITests;
				PRODUCT_NAME = "$(TARGET_NAME)";
				SWIFT_VERSION = 5.0;
				TARGETED_DEVICE_FAMILY = "1,2";
				TEST_TARGET_NAME = Messenger;
			};
			name = Release;
		};
/* End XCBuildConfiguration section */

/* Begin XCConfigurationList section */
		8AAB90EF25ACE963002E4DB3 /* Build configuration list for PBXProject "Messenger" */ = {
			isa = XCConfigurationList;
			buildConfigurations = (
				8AAB911C25ACE966002E4DB3 /* Debug */,
				8AAB911D25ACE966002E4DB3 /* Release */,
			);
			defaultConfigurationIsVisible = 0;
			defaultConfigurationName = Release;
		};
		8AAB911E25ACE966002E4DB3 /* Build configuration list for PBXNativeTarget "Messenger" */ = {
			isa = XCConfigurationList;
			buildConfigurations = (
				8AAB911F25ACE966002E4DB3 /* Debug */,
				8AAB912025ACE966002E4DB3 /* Release */,
			);
			defaultConfigurationIsVisible = 0;
			defaultConfigurationName = Release;
		};
		8AAB912125ACE966002E4DB3 /* Build configuration list for PBXNativeTarget "MessengerTests" */ = {
			isa = XCConfigurationList;
			buildConfigurations = (
				8AAB912225ACE966002E4DB3 /* Debug */,
				8AAB912325ACE966002E4DB3 /* Release */,
			);
			defaultConfigurationIsVisible = 0;
			defaultConfigurationName = Release;
		};
		8AAB912425ACE966002E4DB3 /* Build configuration list for PBXNativeTarget "MessengerUITests" */ = {
			isa = XCConfigurationList;
			buildConfigurations = (
				8AAB912525ACE966002E4DB3 /* Debug */,
				8AAB912625ACE966002E4DB3 /* Release */,
			);
			defaultConfigurationIsVisible = 0;
			defaultConfigurationName = Release;
		};
/* End XCConfigurationList section */
	};
	rootObject = 8AAB90EC25ACE963002E4DB3 /* Project object */;
}
